github.com/gorilla/websocket v1.5.3 h1:saDtZ6Pbx/0u+bgYQ3q96pZgCzfhKXGPqt7kZ72aNNg=
github.com/gorilla/websocket v1.5.3/go.mod h1:YR8l580nyteQvAITg2hZ9XVh4b55+EU/adAjf1fMHhE=
github.com/vladimirvivien/go4vl v0.3.0 h1:9QSBJ/hB2aF37Z5cDHI38Dwqjw0gshnlgOhe/fmA9v4=
github.com/vladimirvivien/go4vl v0.3.0/go.mod h1:iWUNl4OswQ/oekJXIS6S8MN5inoPOsbpF3m4azwrzsA=
golang.org/x/sys v0.40.0 h1:DBZZqJ2Rkml6QMQsZywtnjnnGvHza6BTfYFWY9kjEWQ=
golang.org/x/sys v0.40.0/go.mod h1:OgkHotnGiDImocRcuBABYBEXf8A9a87e/uXjp9XT3ks=
